
Microsoft Visual Studio Solution File, Format Version 12.00
# Visual Studio Version 16
VisualStudioVersion = 16.0.29806.167
MinimumVisualStudioVersion = 10.0.40219.1
Project("{FAE04EC0-301F-11D3-BF4B-00C04F79EFBC}") = "Sistema.Entidades", "Sistema.Entidades\Sistema.Entidades.csproj", "{E5B186C2-C3D6-403F-9363-FC639F3A9BD9}"
EndProject
Project("{FAE04EC0-301F-11D3-BF4B-00C04F79EFBC}") = "Sistema.Datos", "Sistema.Datos\Sistema.Datos.csproj", "{E8693178-3409-4628-9756-C5852B385148}"
EndProject
Project("{FAE04EC0-301F-11D3-BF4B-00C04F79EFBC}") = "Sistema.Web", "Sistema.Web\Sistema.Web.csproj", "{78DB2A8B-54A2-42AD-A3F1-2D28127267D4}"
EndProject
Global
	GlobalSection(SolutionConfigurationPlatforms) = preSolution
		Debug|Any CPU = Debug|Any CPU
		Release|Any CPU = Release|Any CPU
	EndGlobalSection
	GlobalSection(ProjectConfigurationPlatforms) = postSolution
		{E5B186C2-C3D6-403F-9363-FC639F3A9BD9}.Debug|Any CPU.ActiveCfg = Debug|Any CPU
		{E5B186C2-C3D6-403F-9363-FC639F3A9BD9}.Debug|Any CPU.Build.0 = Debug|Any CPU
		{E5B186C2-C3D6-403F-9363-FC639F3A9BD9}.Release|Any CPU.ActiveCfg = Release|Any CPU
		{E5B186C2-C3D6-403F-9363-FC639F3A9BD9}.Release|Any CPU.Build.0 = Release|Any CPU
		{E8693178-3409-4628-9756-C5852B385148}.Debug|Any CPU.ActiveCfg = Debug|Any CPU
		{E8693178-3409-4628-9756-C5852B385148}.Debug|Any CPU.Build.0 = Debug|Any CPU
		{E8693178-3409-4628-9756-C5852B385148}.Release|Any CPU.ActiveCfg = Release|Any CPU
		{E8693178-3409-4628-9756-C5852B385148}.Release|Any CPU.Build.0 = Release|Any CPU
		{78DB2A8B-54A2-42AD-A3F1-2D28127267D4}.Debug|Any CPU.ActiveCfg = Debug|Any CPU
		{78DB2A8B-54A2-42AD-A3F1-2D28127267D4}.Debug|Any CPU.Build.0 = Debug|Any CPU
		{78DB2A8B-54A2-42AD-A3F1-2D28127267D4}.Release|Any CPU.ActiveCfg = Release|Any CPU
		{78DB2A8B-54A2-42AD-A3F1-2D28127267D4}.Release|Any CPU.Build.0 = Release|Any CPU
	EndGlobalSection
	GlobalSection(SolutionProperties) = preSolution
		HideSolutionNode = FALSE
	EndGlobalSection
	GlobalSection(ExtensibilityGlobals) = postSolution
		SolutionGuid = {988196A6-818B-41B1-9EC9-22E6D0499D44}
	EndGlobalSection
EndGlobal
